// !$*UTF8*$!
{
	archiveVersion = 1;
	classes = {
	};
	objectVersion = 55;
	objects = {

/* Begin PBXBuildFile section */
		781B011A280DBD4D009A15A4 /* tableViewContainer.swift in Sources */ = {isa = PBXBuildFile; fileRef = 781B0119280DBD4D009A15A4 /* tableViewContainer.swift */; };
		783A7F6927FCD12800C2EAD3 /* AppDelegate.swift in Sources */ = {isa = PBXBuildFile; fileRef = 783A7F6827FCD12800C2EAD3 /* AppDelegate.swift */; };
		783A7F6B27FCD12800C2EAD3 /* SceneDelegate.swift in Sources */ = {isa = PBXBuildFile; fileRef = 783A7F6A27FCD12800C2EAD3 /* SceneDelegate.swift */; };
		783A7F6D27FCD12800C2EAD3 /* ViewController.swift in Sources */ = {isa = PBXBuildFile; fileRef = 783A7F6C27FCD12800C2EAD3 /* ViewController.swift */; };
		783A7F7027FCD12800C2EAD3 /* Main.storyboard in Resources */ = {isa = PBXBuildFile; fileRef = 783A7F6E27FCD12800C2EAD3 /* Main.storyboard */; };
		783A7F7227FCD12900C2EAD3 /* Assets.xcassets in Resources */ = {isa = PBXBuildFile; fileRef = 783A7F7127FCD12900C2EAD3 /* Assets.xcassets */; };
		783A7F7527FCD12900C2EAD3 /* LaunchScreen.storyboard in Resources */ = {isa = PBXBuildFile; fileRef = 783A7F7327FCD12900C2EAD3 /* LaunchScreen.storyboard */; };
		783A7F8027FCD12900C2EAD3 /* You_are_AwesomeTests.swift in Sources */ = {isa = PBXBuildFile; fileRef = 783A7F7F27FCD12900C2EAD3 /* You_are_AwesomeTests.swift */; };
		783A7F8A27FCD12900C2EAD3 /* You_are_AwesomeUITests.swift in Sources */ = {isa = PBXBuildFile; fileRef = 783A7F8927FCD12900C2EAD3 /* You_are_AwesomeUITests.swift */; };
		783A7F8C27FCD12900C2EAD3 /* You_are_AwesomeUITestsLaunchTests.swift in Sources */ = {isa = PBXBuildFile; fileRef = 783A7F8B27FCD12900C2EAD3 /* You_are_AwesomeUITestsLaunchTests.swift */; };
/* End PBXBuildFile section */

/* Begin PBXContainerItemProxy section */
		783A7F7C27FCD12900C2EAD3 /* PBXContainerItemProxy */ = {
			isa = PBXContainerItemProxy;
			containerPortal = 783A7F5D27FCD12800C2EAD3 /* Project object */;
			proxyType = 1;
			remoteGlobalIDString = 783A7F6427FCD12800C2EAD3;
			remoteInfo = "You are Awesome";
		};
		783A7F8627FCD12900C2EAD3 /* PBXContainerItemProxy */ = {
			isa = PBXContainerItemProxy;
			containerPortal = 783A7F5D27FCD12800C2EAD3 /* Project object */;
			proxyType = 1;
			remoteGlobalIDString = 783A7F6427FCD12800C2EAD3;
			remoteInfo = "You are Awesome";
		};
/* End PBXContainerItemProxy section */

/* Begin PBXFileReference section */
		781B0119280DBD4D009A15A4 /* tableViewContainer.swift */ = {isa = PBXFileReference; lastKnownFileType = sourcecode.swift; path = tableViewContainer.swift; sourceTree = "<group>"; };
		783A7F6527FCD12800C2EAD3 /* You are Awesome.app */ = {isa = PBXFileReference; explicitFileType = wrapper.application; includeInIndex = 0; path = "You are Awesome.app"; sourceTree = BUILT_PRODUCTS_DIR; };
		783A7F6827FCD12800C2EAD3 /* AppDelegate.swift */ = {isa = PBXFileReference; lastKnownFileType = sourcecode.swift; path = AppDelegate.swift; sourceTree = "<group>"; };
		783A7F6A27FCD12800C2EAD3 /* SceneDelegate.swift */ = {isa = PBXFileReference; lastKnownFileType = sourcecode.swift; path = SceneDelegate.swift; sourceTree = "<group>"; };
		783A7F6C27FCD12800C2EAD3 /* ViewController.swift */ = {isa = PBXFileReference; lastKnownFileType = sourcecode.swift; path = ViewController.swift; sourceTree = "<group>"; };
		783A7F6F27FCD12800C2EAD3 /* Base */ = {isa = PBXFileReference; lastKnownFileType = file.storyboard; name = Base; path = Base.lproj/Main.storyboard; sourceTree = "<group>"; };
		783A7F7127FCD12900C2EAD3 /* Assets.xcassets */ = {isa = PBXFileReference; lastKnownFileType = folder.assetcatalog; path = Assets.xcassets; sourceTree = "<group>"; };
		783A7F7427FCD12900C2EAD3 /* Base */ = {isa = PBXFileReference; lastKnownFileType = file.storyboard; name = Base; path = Base.lproj/LaunchScreen.storyboard; sourceTree = "<group>"; };
		783A7F7627FCD12900C2EAD3 /* Info.plist */ = {isa = PBXFileReference; lastKnownFileType = text.plist.xml; path = Info.plist; sourceTree = "<group>"; };
		783A7F7B27FCD12900C2EAD3 /* You are AwesomeTests.xctest */ = {isa = PBXFileReference; explicitFileType = wrapper.cfbundle; includeInIndex = 0; path = "You are AwesomeTests.xctest"; sourceTree = BUILT_PRODUCTS_DIR; };
		783A7F7F27FCD12900C2EAD3 /* You_are_AwesomeTests.swift */ = {isa = PBXFileReference; lastKnownFileType = sourcecode.swift; path = You_are_AwesomeTests.swift; sourceTree = "<group>"; };
		783A7F8527FCD12900C2EAD3 /* You are AwesomeUITests.xctest */ = {isa = PBXFileReference; explicitFileType = wrapper.cfbundle; includeInIndex = 0; path = "You are AwesomeUITests.xctest"; sourceTree = BUILT_PRODUCTS_DIR; };
		783A7F8927FCD12900C2EAD3 /* You_are_AwesomeUITests.swift */ = {isa = PBXFileReference; lastKnownFileType = sourcecode.swift; path = You_are_AwesomeUITests.swift; sourceTree = "<group>"; };
		783A7F8B27FCD12900C2EAD3 /* You_are_AwesomeUITestsLaunchTests.swift */ = {isa = PBXFileReference; lastKnownFileType = sourcecode.swift; path = You_are_AwesomeUITestsLaunchTests.swift; sourceTree = "<group>"; };
/* End PBXFileReference section */

/* Begin PBXFrameworksBuildPhase section */
		783A7F6227FCD12800C2EAD3 /* Frameworks */ = {
			isa = PBXFrameworksBuildPhase;
			buildActionMask = 2147483647;
			files = (
			);
			runOnlyForDeploymentPostprocessing = 0;
		};
		783A7F7827FCD12900C2EAD3 /* Frameworks */ = {
			isa = PBXFrameworksBuildPhase;
			buildActionMask = 2147483647;
			files = (
			);
			runOnlyForDeploymentPostprocessing = 0;
		};
		783A7F8227FCD12900C2EAD3 /* Frameworks */ = {
			isa = PBXFrameworksBuildPhase;
			buildActionMask = 2147483647;
			files = (
			);
			runOnlyForDeploymentPostprocessing = 0;
		};
/* End PBXFrameworksBuildPhase section */

/* Begin PBXGroup section */
		783A7F5C27FCD12800C2EAD3 = {
			isa = PBXGroup;
			children = (
				783A7F6727FCD12800C2EAD3 /* You are Awesome */,
				783A7F7E27FCD12900C2EAD3 /* You are AwesomeTests */,
				783A7F8827FCD12900C2EAD3 /* You are AwesomeUITests */,
				783A7F6627FCD12800C2EAD3 /* Products */,
			);
			sourceTree = "<group>";
		};
		783A7F6627FCD12800C2EAD3 /* Products */ = {
			isa = PBXGroup;
			children = (
				783A7F6527FCD12800C2EAD3 /* You are Awesome.app */,
				783A7F7B27FCD12900C2EAD3 /* You are AwesomeTests.xctest */,
				783A7F8527FCD12900C2EAD3 /* You are AwesomeUITests.xctest */,
			);
			name = Products;
			sourceTree = "<group>";
		};
		783A7F6727FCD12800C2EAD3 /* You are Awesome */ = {
			isa = PBXGroup;
			children = (
				783A7F6827FCD12800C2EAD3 /* AppDelegate.swift */,
				783A7F6A27FCD12800C2EAD3 /* SceneDelegate.swift */,
				783A7F6C27FCD12800C2EAD3 /* ViewController.swift */,
				783A7F6E27FCD12800C2EAD3 /* Main.storyboard */,
				783A7F7127FCD12900C2EAD3 /* Assets.xcassets */,
				783A7F7327FCD12900C2EAD3 /* LaunchScreen.storyboard */,
				783A7F7627FCD12900C2EAD3 /* Info.plist */,
				781B0119280DBD4D009A15A4 /* tableViewContainer.swift */,
			);
			path = "You are Awesome";
			sourceTree = "<group>";
		};
		783A7F7E27FCD12900C2EAD3 /* You are AwesomeTests */ = {
			isa = PBXGroup;
			children = (
				783A7F7F27FCD12900C2EAD3 /* You_are_AwesomeTests.swift */,
			);
			path = "You are AwesomeTests";
			sourceTree = "<group>";
		};
		783A7F8827FCD12900C2EAD3 /* You are AwesomeUITests */ = {
			isa = PBXGroup;
			children = (
				783A7F8927FCD12900C2EAD3 /* You_are_AwesomeUITests.swift */,
				783A7F8B27FCD12900C2EAD3 /* You_are_AwesomeUITestsLaunchTests.swift */,
			);
			path = "You are AwesomeUITests";
			sourceTree = "<group>";
		};
/* End PBXGroup section */

/* Begin PBXNativeTarget section */
		783A7F6427FCD12800C2EAD3 /* You are Awesome */ = {
			isa = PBXNativeTarget;
			buildConfigurationList = 783A7F8F27FCD12900C2EAD3 /* Build configuration list for PBXNativeTarget "You are Awesome" */;
			buildPhases = (
				783A7F6127FCD12800C2EAD3 /* Sources */,
				783A7F6227FCD12800C2EAD3 /* Frameworks */,
				783A7F6327FCD12800C2EAD3 /* Resources */,
			);
			buildRules = (
			);
			dependencies = (
			);
			name = "You are Awesome";
			productName = "You are Awesome";
			productReference = 783A7F6527FCD12800C2EAD3 /* You are Awesome.app */;
			productType = "com.apple.product-type.application";
		};
		783A7F7A27FCD12900C2EAD3 /* You are AwesomeTests */ = {
			isa = PBXNativeTarget;
			buildConfigurationList = 783A7F9227FCD12900C2EAD3 /* Build configuration list for PBXNativeTarget "You are AwesomeTests" */;
			buildPhases = (
				783A7F7727FCD12900C2EAD3 /* Sources */,
				783A7F7827FCD12900C2EAD3 /* Frameworks */,
				783A7F7927FCD12900C2EAD3 /* Resources */,
			);
			buildRules = (
			);
			dependencies = (
				783A7F7D27FCD12900C2EAD3 /* PBXTargetDependency */,
			);
			name = "You are AwesomeTests";
			productName = "You are AwesomeTests";
			productReference = 783A7F7B27FCD12900C2EAD3 /* You are AwesomeTests.xctest */;
			productType = "com.apple.product-type.bundle.unit-test";
		};
		783A7F8427FCD12900C2EAD3 /* You are AwesomeUITests */ = {
			isa = PBXNativeTarget;
			buildConfigurationList = 783A7F9527FCD12900C2EAD3 /* Build configuration list for PBXNativeTarget "You are AwesomeUITests" */;
			buildPhases = (
				783A7F8127FCD12900C2EAD3 /* Sources */,
				783A7F8227FCD12900C2EAD3 /* Frameworks */,
				783A7F8327FCD12900C2EAD3 /* Resources */,
			);
			buildRules = (
			);
			dependencies = (
				783A7F8727FCD12900C2EAD3 /* PBXTargetDependency */,
			);
			name = "You are AwesomeUITests";
			productName = "You are AwesomeUITests";
			productReference = 783A7F8527FCD12900C2EAD3 /* You are AwesomeUITests.xctest */;
			productType = "com.apple.product-type.bundle.ui-testing";
		};
/* End PBXNativeTarget section */

/* Begin PBXProject section */
		783A7F5D27FCD12800C2EAD3 /* Project object */ = {
			isa = PBXProject;
			attributes = {
				BuildIndependentTargetsInParallel = 1;
				LastSwiftUpdateCheck = 1320;
				LastUpgradeCheck = 1320;
				TargetAttributes = {
					783A7F6427FCD12800C2EAD3 = {
						CreatedOnToolsVersion = 13.2.1;
					};
					783A7F7A27FCD12900C2EAD3 = {
						CreatedOnToolsVersion = 13.2.1;
						TestTargetID = 783A7F6427FCD12800C2EAD3;
					};
					783A7F8427FCD12900C2EAD3 = {
						CreatedOnToolsVersion = 13.2.1;
						TestTargetID = 783A7F6427FCD12800C2EAD3;
					};
				};
			};
			buildConfigurationList = 783A7F6027FCD12800C2EAD3 /* Build configuration list for PBXProject "You are Awesome" */;
			compatibilityVersion = "Xcode 13.0";
			developmentRegion = en;
			hasScannedForEncodings = 0;
			knownRegions = (
				en,
				Base,
			);
			mainGroup = 783A7F5C27FCD12800C2EAD3;
			productRefGroup = 783A7F6627FCD12800C2EAD3 /* Products */;
			projectDirPath = "";
			projectRoot = "";
			targets = (
				783A7F6427FCD12800C2EAD3 /* You are Awesome */,
				783A7F7A27FCD12900C2EAD3 /* You are AwesomeTests */,
				783A7F8427FCD12900C2EAD3 /* You are AwesomeUITests */,
			);
		};
/* End PBXProject section */

/* Begin PBXResourcesBuildPhase section */
		783A7F6327FCD12800C2EAD3 /* Resources */ = {
			isa = PBXResourcesBuildPhase;
			buildActionMask = 2147483647;
			files = (
				783A7F7527FCD12900C2EAD3 /* LaunchScreen.storyboard in Resources */,
				783A7F7227FCD12900C2EAD3 /* Assets.xcassets in Resources */,
				783A7F7027FCD12800C2EAD3 /* Main.storyboard in Resources */,
			);
			runOnlyForDeploymentPostprocessing = 0;
		};
		783A7F7927FCD12900C2EAD3 /* Resources */ = {
			isa = PBXResourcesBuildPhase;
			buildActionMask = 2147483647;
			files = (
			);
			runOnlyForDeploymentPostprocessing = 0;
		};
		783A7F8327FCD12900C2EAD3 /* Resources */ = {
			isa = PBXResourcesBuildPhase;
			buildActionMask = 2147483647;
			files = (
			);
			runOnlyForDeploymentPostprocessing = 0;
		};
/* End PBXResourcesBuildPhase section */

/* Begin PBXSourcesBuildPhase section */
		783A7F6127FCD12800C2EAD3 /* Sources */ = {
			isa = PBXSourcesBuildPhase;
			buildActionMask = 2147483647;
			files = (
				783A7F6D27FCD12800C2EAD3 /* ViewController.swift in Sources */,
				781B011A280DBD4D009A15A4 /* tableViewContainer.swift in Sources */,
				783A7F6927FCD12800C2EAD3 /* AppDelegate.swift in Sources */,
				783A7F6B27FCD12800C2EAD3 /* SceneDelegate.swift in Sources */,
			);
			runOnlyForDeploymentPostprocessing = 0;
		};
		783A7F7727FCD12900C2EAD3 /* Sources */ = {
			isa = PBXSourcesBuildPhase;
			buildActionMask = 2147483647;
			files = (
				783A7F8027FCD12900C2EAD3 /* You_are_AwesomeTests.swift in Sources */,
			);
			runOnlyForDeploymentPostprocessing = 0;
		};
		783A7F8127FCD12900C2EAD3 /* Sources */ = {
			isa = PBXSourcesBuildPhase;
			buildActionMask = 2147483647;
			files = (
				783A7F8A27FCD12900C2EAD3 /* You_are_AwesomeUITests.swift in Sources */,
				783A7F8C27FCD12900C2EAD3 /* You_are_AwesomeUITestsLaunchTests.swift in Sources */,
			);
			runOnlyForDeploymentPostprocessing = 0;
		};
/* End PBXSourcesBuildPhase section */

/* Begin PBXTargetDependency section */
		783A7F7D27FCD12900C2EAD3 /* PBXTargetDependency */ = {
			isa = PBXTargetDependency;
			target = 783A7F6427FCD12800C2EAD3 /* You are Awesome */;
			targetProxy = 783A7F7C27FCD12900C2EAD3 /* PBXContainerItemProxy */;
		};
		783A7F8727FCD12900C2EAD3 /* PBXTargetDependency */ = {
			isa = PBXTargetDependency;
			target = 783A7F6427FCD12800C2EAD3 /* You are Awesome */;
			targetProxy = 783A7F8627FCD12900C2EAD3 /* PBXContainerItemProxy */;
		};
/* End PBXTargetDependency section */

/* Begin PBXVariantGroup section */
		783A7F6E27FCD12800C2EAD3 /* Main.storyboard */ = {
			isa = PBXVariantGroup;
			children = (
				783A7F6F27FCD12800C2EAD3 /* Base */,
			);
			name = Main.storyboard;
			sourceTree = "<group>";
		};
		783A7F7327FCD12900C2EAD3 /* LaunchScreen.storyboard */ = {
			isa = PBXVariantGroup;
			children = (
				783A7F7427FCD12900C2EAD3 /* Base */,
			);
			name = LaunchScreen.storyboard;
			sourceTree = "<group>";
		};
/* End PBXVariantGroup section */

/* Begin XCBuildConfiguration section */
		783A7F8D27FCD12900C2EAD3 /* Debug */ = {
			isa = XCBuildConfiguration;
			buildSettings = {
				ALWAYS_SEARCH_USER_PATHS = NO;
				CLANG_ANALYZER_NONNULL = YES;
				CLANG_ANALYZER_NUMBER_OBJECT_CONVERSION = YES_AGGRESSIVE;
				CLANG_CXX_LANGUAGE_STANDARD = "gnu++17";
				CLANG_CXX_LIBRARY = "libc++";
				CLANG_ENABLE_MODULES = YES;
				CLANG_ENABLE_OBJC_ARC = YES;
				CLANG_ENABLE_OBJC_WEAK = YES;
				CLANG_WARN_BLOCK_CAPTURE_AUTORELEASING = YES;
				CLANG_WARN_BOOL_CONVERSION = YES;
				CLANG_WARN_COMMA = YES;
				CLANG_WARN_CONSTANT_CONVERSION = YES;
				CLANG_WARN_DEPRECATED_OBJC_IMPLEMENTATIONS = YES;
				CLANG_WARN_DIRECT_OBJC_ISA_USAGE = YES_ERROR;
				CLANG_WARN_DOCUMENTATION_COMMENTS = YES;
				CLANG_WARN_EMPTY_BODY = YES;
				CLANG_WARN_ENUM_CONVERSION = YES;
				CLANG_WARN_INFINITE_RECURSION = YES;
				CLANG_WARN_INT_CONVERSION = YES;
				CLANG_WARN_NON_LITERAL_NULL_CONVERSION = YES;
				CLANG_WARN_OBJC_IMPLICIT_RETAIN_SELF = YES;
				CLANG_WARN_OBJC_LITERAL_CONVERSION = YES;
				CLANG_WARN_OBJC_ROOT_CLASS = YES_ERROR;
				CLANG_WARN_QUOTED_INCLUDE_IN_FRAMEWORK_HEADER = YES;
				CLANG_WARN_RANGE_LOOP_ANALYSIS = YES;
				CLANG_WARN_STRICT_PROTOTYPES = YES;
				CLANG_WARN_SUSPICIOUS_MOVE = YES;
				CLANG_WARN_UNGUARDED_AVAILABILITY = YES_AGGRESSIVE;
				CLANG_WARN_UNREACHABLE_CODE = YES;
				CLANG_WARN__DUPLICATE_METHOD_MATCH = YES;
				COPY_PHASE_STRIP = NO;
				DEBUG_INFORMATION_FORMAT = dwarf;
				ENABLE_STRICT_OBJC_MSGSEND = YES;
				ENABLE_TESTABILITY = YES;
				GCC_C_LANGUAGE_STANDARD = gnu11;
				GCC_DYNAMIC_NO_PIC = NO;
				GCC_NO_COMMON_BLOCKS = YES;
				GCC_OPTIMIZATION_LEVEL = 0;
				GCC_PREPROCESSOR_DEFINITIONS = (
					"DEBUG=1",
					"$(inherited)",
				);
				GCC_WARN_64_TO_32_BIT_CONVERSION = YES;
				GCC_WARN_ABOUT_RETURN_TYPE = YES_ERROR;
				GCC_WARN_UNDECLARED_SELECTOR = YES;
				GCC_WARN_UNINITIALIZED_AUTOS = YES_AGGRESSIVE;
				GCC_WARN_UNUSED_FUNCTION = YES;
				GCC_WARN_UNUSED_VARIABLE = YES;
				IPHONEOS_DEPLOYMENT_TARGET = 15.2;
				MTL_ENABLE_DEBUG_INFO = INCLUDE_SOURCE;
				MTL_FAST_MATH = YES;
				ONLY_ACTIVE_ARCH = YES;
				SDKROOT = iphoneos;
				SWIFT_ACTIVE_COMPILATION_CONDITIONS = DEBUG;
				SWIFT_OPTIMIZATION_LEVEL = "-Onone";
			};
			name = Debug;
		};
		783A7F8E27FCD12900C2EAD3 /* Release */ = {
			isa = XCBuildConfiguration;
			buildSettings = {
				ALWAYS_SEARCH_USER_PATHS = NO;
				CLANG_ANALYZER_NONNULL = YES;
				CLANG_ANALYZER_NUMBER_OBJECT_CONVERSION = YES_AGGRESSIVE;
				CLANG_CXX_LANGUAGE_STANDARD = "gnu++17";
				CLANG_CXX_LIBRARY = "libc++";
				CLANG_ENABLE_MODULES = YES;
				CLANG_ENABLE_OBJC_ARC = YES;
				CLANG_ENABLE_OBJC_WEAK = YES;
				CLANG_WARN_BLOCK_CAPTURE_AUTORELEASING = YES;
				CLANG_WARN_BOOL_CONVERSION = YES;
				CLANG_WARN_COMMA = YES;
				CLANG_WARN_CONSTANT_CONVERSION = YES;
				CLANG_WARN_DEPRECATED_OBJC_IMPLEMENTATIONS = YES;
				CLANG_WARN_DIRECT_OBJC_ISA_USAGE = YES_ERROR;
				CLANG_WARN_DOCUMENTATION_COMMENTS = YES;
				CLANG_WARN_EMPTY_BODY = YES;
				CLANG_WARN_ENUM_CONVERSION = YES;
				CLANG_WARN_INFINITE_RECURSION = YES;
				CLANG_WARN_INT_CONVERSION = YES;
				CLANG_WARN_NON_LITERAL_NULL_CONVERSION = YES;
				CLANG_WARN_OBJC_IMPLICIT_RETAIN_SELF = YES;
				CLANG_WARN_OBJC_LITERAL_CONVERSION = YES;
				CLANG_WARN_OBJC_ROOT_CLASS = YES_ERROR;
				CLANG_WARN_QUOTED_INCLUDE_IN_FRAMEWORK_HEADER = YES;
				CLANG_WARN_RANGE_LOOP_ANALYSIS = YES;
				CLANG_WARN_STRICT_PROTOTYPES = YES;
				CLANG_WARN_SUSPICIOUS_MOVE = YES;
				CLANG_WARN_UNGUARDED_AVAILABILITY = YES_AGGRESSIVE;
				CLANG_WARN_UNREACHABLE_CODE = YES;
				CLANG_WARN__DUPLICATE_METHOD_MATCH = YES;
				COPY_PHASE_STRIP = NO;
				DEBUG_INFORMATION_FORMAT = "dwarf-with-dsym";
				ENABLE_NS_ASSERTIONS = NO;
				ENABLE_STRICT_OBJC_MSGSEND = YES;
				GCC_C_LANGUAGE_STANDARD = gnu11;
				GCC_NO_COMMON_BLOCKS = YES;
				GCC_WARN_64_TO_32_BIT_CONVERSION = YES;
				GCC_WARN_ABOUT_RETURN_TYPE = YES_ERROR;
				GCC_WARN_UNDECLARED_SELECTOR = YES;
				GCC_WARN_UNINITIALIZED_AUTOS = YES_AGGRESSIVE;
				GCC_WARN_UNUSED_FUNCTION = YES;
				GCC_WARN_UNUSED_VARIABLE = YES;
				IPHONEOS_DEPLOYMENT_TARGET = 15.2;
				MTL_ENABLE_DEBUG_INFO = NO;
				MTL_FAST_MATH = YES;
				SDKROOT = iphoneos;
				SWIFT_COMPILATION_MODE = wholemodule;
				SWIFT_OPTIMIZATION_LEVEL = "-O";
				VALIDATE_PRODUCT = YES;
			};
			name = Release;
		};
		783A7F9027FCD12900C2EAD3 /* Debug */ = {
			isa = XCBuildConfiguration;
			buildSettings = {
				ASSETCATALOG_COMPILER_APPICON_NAME = AppIcon;
				ASSETCATALOG_COMPILER_GLOBAL_ACCENT_COLOR_NAME = AccentColor;
				CODE_SIGN_STYLE = Automatic;
				CURRENT_PROJECT_VERSION = 1;
				DEVELOPMENT_TEAM = 9365D56UV9;
				GENERATE_INFOPLIST_FILE = YES;
				INFOPLIST_FILE = "You are Awesome/Info.plist";
				INFOPLIST_KEY_UIApplicationSupportsIndirectInputEvents = YES;
				INFOPLIST_KEY_UILaunchStoryboardName = LaunchScreen;
				INFOPLIST_KEY_UIMainStoryboardFile = Main;
				INFOPLIST_KEY_UISupportedInterfaceOrientations_iPad = "UIInterfaceOrientationPortrait UIInterfaceOrientationPortraitUpsideDown UIInterfaceOrientationLandscapeLeft UIInterfaceOrientationLandscapeRight";
				INFOPLIST_KEY_UISupportedInterfaceOrientations_iPhone = "UIInterfaceOrientationPortrait UIInterfaceOrientationLandscapeLeft UIInterfaceOrientationLandscapeRight";
				LD_RUNPATH_SEARCH_PATHS = (
					"$(inherited)",
					"@executable_path/Frameworks",
				);
				MARKETING_VERSION = 1.0;
				PRODUCT_BUNDLE_IDENTIFIER = "edu.newhaven.You-are-Awesome";
				PRODUCT_NAME = "$(TARGET_NAME)";
				SWIFT_EMIT_LOC_STRINGS = YES;
				SWIFT_VERSION = 5.0;
				TARGETED_DEVICE_FAMILY = "1,2";
			};
			name = Debug;
		};
		783A7F9127FCD12900C2EAD3 /* Release */ = {
			isa = XCBuildConfiguration;
			buildSettings = {
				ASSETCATALOG_COMPILER_APPICON_NAME = AppIcon;
				ASSETCATALOG_COMPILER_GLOBAL_ACCENT_COLOR_NAME = AccentColor;
				CODE_SIGN_STYLE = Automatic;
				CURRENT_PROJECT_VERSION = 1;
				DEVELOPMENT_TEAM = 9365D56UV9;
				GENERATE_INFOPLIST_FILE = YES;
				INFOPLIST_FILE = "You are Awesome/Info.plist";
				INFOPLIST_KEY_UIApplicationSupportsIndirectInputEvents = YES;
				INFOPLIST_KEY_UILaunchStoryboardName = LaunchScreen;
				INFOPLIST_KEY_UIMainStoryboardFile = Main;
				INFOPLIST_KEY_UISupportedInterfaceOrientations_iPad = "UIInterfaceOrientationPortrait UIInterfaceOrientationPortraitUpsideDown UIInterfaceOrientationLandscapeLeft UIInterfaceOrientationLandscapeRight";
				INFOPLIST_KEY_UISupportedInterfaceOrientations_iPhone = "UIInterfaceOrientationPortrait UIInterfaceOrientationLandscapeLeft UIInterfaceOrientationLandscapeRight";
				LD_RUNPATH_SEARCH_PATHS = (
					"$(inherited)",
					"@executable_path/Frameworks",
				);
				MARKETING_VERSION = 1.0;
				PRODUCT_BUNDLE_IDENTIFIER = "edu.newhaven.You-are-Awesome";
				PRODUCT_NAME = "$(TARGET_NAME)";
				SWIFT_EMIT_LOC_STRINGS = YES;
				SWIFT_VERSION = 5.0;
				TARGETED_DEVICE_FAMILY = "1,2";
			};
			name = Release;
		};
		783A7F9327FCD12900C2EAD3 /* Debug */ = {
			isa = XCBuildConfiguration;
			buildSettings = {
				ALWAYS_EMBED_SWIFT_STANDARD_LIBRARIES = YES;
				BUNDLE_LOADER = "$(TEST_HOST)";
				CODE_SIGN_STYLE = Automatic;
				CURRENT_PROJECT_VERSION = 1;
				DEVELOPMENT_TEAM = 9365D56UV9;
				GENERATE_INFOPLIST_FILE = YES;
				IPHONEOS_DEPLOYMENT_TARGET = 15.2;
				MARKETING_VERSION = 1.0;
				PRODUCT_BUNDLE_IDENTIFIER = "edu.newhaven.You-are-AwesomeTests";
				PRODUCT_NAME = "$(TARGET_NAME)";
				SWIFT_EMIT_LOC_STRINGS = NO;
				SWIFT_VERSION = 5.0;
				TARGETED_DEVICE_FAMILY = "1,2";
				TEST_HOST = "$(BUILT_PRODUCTS_DIR)/You are Awesome.app/You are Awesome";
			};
			name = Debug;
		};
		783A7F9427FCD12900C2EAD3 /* Release */ = {
			isa = XCBuildConfiguration;
			buildSettings = {
				ALWAYS_EMBED_SWIFT_STANDARD_LIBRARIES = YES;
				BUNDLE_LOADER = "$(TEST_HOST)";
				CODE_SIGN_STYLE = Automatic;
				CURRENT_PROJECT_VERSION = 1;
				DEVELOPMENT_TEAM = 9365D56UV9;
				GENERATE_INFOPLIST_FILE = YES;
				IPHONEOS_DEPLOYMENT_TARGET = 15.2;
				MARKETING_VERSION = 1.0;
				PRODUCT_BUNDLE_IDENTIFIER = "edu.newhaven.You-are-AwesomeTests";
				PRODUCT_NAME = "$(TARGET_NAME)";
				SWIFT_EMIT_LOC_STRINGS = NO;
				SWIFT_VERSION = 5.0;
				TARGETED_DEVICE_FAMILY = "1,2";
				TEST_HOST = "$(BUILT_PRODUCTS_DIR)/You are Awesome.app/You are Awesome";
			};
			name = Release;
		};
		783A7F9627FCD12900C2EAD3 /* Debug */ = {
			isa = XCBuildConfiguration;
			buildSettings = {
				ALWAYS_EMBED_SWIFT_STANDARD_LIBRARIES = YES;
				CODE_SIGN_STYLE = Automatic;
				CURRENT_PROJECT_VERSION = 1;
				DEVELOPMENT_TEAM = 9365D56UV9;
				GENERATE_INFOPLIST_FILE = YES;
				MARKETING_VERSION = 1.0;
				PRODUCT_BUNDLE_IDENTIFIER = "edu.newhaven.You-are-AwesomeUITests";
				PRODUCT_NAME = "$(TARGET_NAME)";
				SWIFT_EMIT_LOC_STRINGS = NO;
				SWIFT_VERSION = 5.0;
				TARGETED_DEVICE_FAMILY = "1,2";
				TEST_TARGET_NAME = "You are Awesome";
			};
			name = Debug;
		};
		783A7F9727FCD12900C2EAD3 /* Release */ = {
			isa = XCBuildConfiguration;
			buildSettings = {
				ALWAYS_EMBED_SWIFT_STANDARD_LIBRARIES = YES;
				CODE_SIGN_STYLE = Automatic;
				CURRENT_PROJECT_VERSION = 1;
				DEVELOPMENT_TEAM = 9365D56UV9;
				GENERATE_INFOPLIST_FILE = YES;
				MARKETING_VERSION = 1.0;
				PRODUCT_BUNDLE_IDENTIFIER = "edu.newhaven.You-are-AwesomeUITests";
				PRODUCT_NAME = "$(TARGET_NAME)";
				SWIFT_EMIT_LOC_STRINGS = NO;
				SWIFT_VERSION = 5.0;
				TARGETED_DEVICE_FAMILY = "1,2";
				TEST_TARGET_NAME = "You are Awesome";
			};
			name = Release;
		};
/* End XCBuildConfiguration section */

/* Begin XCConfigurationList section */
		783A7F6027FCD12800C2EAD3 /* Build configuration list for PBXProject "You are Awesome" */ = {
			isa = XCConfigurationList;
			buildConfigurations = (
				783A7F8D27FCD12900C2EAD3 /* Debug */,
				783A7F8E27FCD12900C2EAD3 /* Release */,
			);
			defaultConfigurationIsVisible = 0;
			defaultConfigurationName = Release;
		};
		783A7F8F27FCD12900C2EAD3 /* Build configuration list for PBXNativeTarget "You are Awesome" */ = {
			isa = XCConfigurationList;
			buildConfigurations = (
				783A7F9027FCD12900C2EAD3 /* Debug */,
				783A7F9127FCD12900C2EAD3 /* Release */,
			);
			defaultConfigurationIsVisible = 0;
			defaultConfigurationName = Release;
		};
		783A7F9227FCD12900C2EAD3 /* Build configuration list for PBXNativeTarget "You are AwesomeTests" */ = {
			isa = XCConfigurationList;
			buildConfigurations = (
				783A7F9327FCD12900C2EAD3 /* Debug */,
				783A7F9427FCD12900C2EAD3 /* Release */,
			);
			defaultConfigurationIsVisible = 0;
			defaultConfigurationName = Release;
		};
		783A7F9527FCD12900C2EAD3 /* Build configuration list for PBXNativeTarget "You are AwesomeUITests" */ = {
			isa = XCConfigurationList;
			buildConfigurations = (
				783A7F9627FCD12900C2EAD3 /* Debug */,
				783A7F9727FCD12900C2EAD3 /* Release */,
			);
			defaultConfigurationIsVisible = 0;
			defaultConfigurationName = Release;
		};
/* End XCConfigurationList section */
	};
	rootObject = 783A7F5D27FCD12800C2EAD3 /* Project object */;
}
